
Microsoft Visual Studio Solution File, Format Version 12.00
# Visual Studio Version 17
VisualStudioVersion = 17.1.32328.378
MinimumVisualStudioVersion = 10.0.40219.1
Project("{FAE04EC0-301F-11D3-BF4B-00C04F79EFBC}") = "LinkedSQL", "LinkedSQL\LinkedSQL.csproj", "{346F8AF8-6CBC-4D1E-98B0-CB5CFA230C15}"
EndProject
Global
	GlobalSection(SolutionConfigurationPlatforms) = preSolution
		Debug|Any CPU = Debug|Any CPU
		Release|Any CPU = Release|Any CPU
	EndGlobalSection
	GlobalSection(ProjectConfigurationPlatforms) = postSolution
		{346F8AF8-6CBC-4D1E-98B0-CB5CFA230C15}.Debug|Any CPU.ActiveCfg = Debug|Any CPU
		{346F8AF8-6CBC-4D1E-98B0-CB5CFA230C15}.Debug|Any CPU.Build.0 = Debug|Any CPU
		{346F8AF8-6CBC-4D1E-98B0-CB5CFA230C15}.Release|Any CPU.ActiveCfg = Release|Any CPU
		{346F8AF8-6CBC-4D1E-98B0-CB5CFA230C15}.Release|Any CPU.Build.0 = Release|Any CPU
	EndGlobalSection
	GlobalSection(SolutionProperties) = preSolution
		HideSolutionNode = FALSE
	EndGlobalSection
	GlobalSection(ExtensibilityGlobals) = postSolution
		SolutionGuid = {337E0E2A-90D6-4108-9D4D-E1AD051D76C9}
	EndGlobalSection
EndGlobal
